
Microsoft Visual Studio Solution File, Format Version 12.00
# Visual Studio Version 17
VisualStudioVersion = 17.10.35004.147
MinimumVisualStudioVersion = 10.0.40219.1
Project("{9A19103F-16F7-4668-BE54-9A1E7A4F7556}") = "KHReCoMFloorRando", "KHReCoMFloorRando\KHReCoMFloorRando.csproj", "{D6C327D9-71AA-473A-A4B5-FE8431A14A9E}"
EndProject
Project("{FAE04EC0-301F-11D3-BF4B-00C04F79EFBC}") = "ConfigTool", "ConfigTool\ConfigTool.csproj", "{8818D056-BCE9-48D6-919E-20BA8FE09549}"
EndProject
Global
	GlobalSection(SolutionConfigurationPlatforms) = preSolution
		Debug|Any CPU = Debug|Any CPU
		Release|Any CPU = Release|Any CPU
	EndGlobalSection
	GlobalSection(ProjectConfigurationPlatforms) = postSolution
		{D6C327D9-71AA-473A-A4B5-FE8431A14A9E}.Debug|Any CPU.ActiveCfg = Debug|Any CPU
		{D6C327D9-71AA-473A-A4B5-FE8431A14A9E}.Debug|Any CPU.Build.0 = Debug|Any CPU
		{D6C327D9-71AA-473A-A4B5-FE8431A14A9E}.Release|Any CPU.ActiveCfg = Release|Any CPU
		{D6C327D9-71AA-473A-A4B5-FE8431A14A9E}.Release|Any CPU.Build.0 = Release|Any CPU
		{8818D056-BCE9-48D6-919E-20BA8FE09549}.Debug|Any CPU.ActiveCfg = Debug|Any CPU
		{8818D056-BCE9-48D6-919E-20BA8FE09549}.Debug|Any CPU.Build.0 = Debug|Any CPU
		{8818D056-BCE9-48D6-919E-20BA8FE09549}.Release|Any CPU.ActiveCfg = Release|Any CPU
		{8818D056-BCE9-48D6-919E-20BA8FE09549}.Release|Any CPU.Build.0 = Release|Any CPU
	EndGlobalSection
	GlobalSection(SolutionProperties) = preSolution
		HideSolutionNode = FALSE
	EndGlobalSection
	GlobalSection(ExtensibilityGlobals) = postSolution
		SolutionGuid = {83293F96-DE69-4F06-8E67-F8C87F9CECED}
	EndGlobalSection
EndGlobal
